lockfileVersion: '9.0'

settings:
  autoInstallPeers: true
  excludeLinksFromLockfile: false

importers:

  .:
    dependencies:
      '@ember/app-tsconfig':
        specifier: ^1.0.3
        version: 1.0.3
      '@glint/ember-tsc':
        specifier: ^1.0.3
        version: 1.0.3(typescript@5.9.3)
      typescript:
        specifier: ^5.9.3
        version: 5.9.3

  app-package:
    dependencies:
      library-package:
        specifier: workspace:*
        version: link:../library-package

  library-package:
    dependencies:
      '@ember/library-tsconfig':
        specifier: ^1.1.3
        version: 1.1.3

packages:

  '@ember/app-tsconfig@1.0.3':
    resolution: {integrity: sha512-dw+/F68xvBw8JYLpyFmAcnF5d/vZqlP6GkEde+XIuPPPn6PIakrh0jtP0/tPxBw8tVuc6eD+H+8CWSsSFrGuiA==}

  '@ember/library-tsconfig@1.1.3':
    resolution: {integrity: sha512-4cKJ38VEcm4mYmontK9BCpQgm5GPLgAeXqd6PqTHD8eKN0GTeegxdX4SsSUN/8emmULq/9H/Oh6fp3vM2mFqkA==}

  '@glimmer/interfaces@0.94.6':
    resolution: {integrity: sha512-sp/1WePvB/8O+jrcUHwjboNPTKrdGicuHKA9T/lh0vkYK2qM5Xz4i25lQMQ38tEMiw7KixrjHiTUiaXRld+IwA==}

  '@glimmer/syntax@0.95.0':
    resolution: {integrity: sha512-W/PHdODnpONsXjbbdY9nedgIHpglMfOzncf/moLVrKIcCfeQhw2vG07Rs/YW8KeJCgJRCLkQsi+Ix7XvrurGAg==}

  '@glimmer/util@0.94.8':
    resolution: {integrity: sha512-HfCKeZ74clF9BsPDBOqK/yRNa/ke6niXFPM6zRn9OVYw+ZAidLs7V8He/xljUHlLRL322kaZZY8XxRW7ALEwyg==}

  '@glimmer/wire-format@0.94.8':
    resolution: {integrity: sha512-A+Cp5m6vZMAEu0Kg/YwU2dJZXyYxVJs2zI57d3CP6NctmX7FsT8WjViiRUmt5abVmMmRH5b8BUovqY6GSMAdrw==}

  '@glint/ember-tsc@1.0.3':
    resolution: {integrity: sha512-EDWJJl0Bz7GCfGh6CzfAAy2a6AATjkH1qh0Dz7ERgJj1WUfe+liWZCoBHs1bDbexNrEPoUdkOZCzqFObaP9NBA==}
    hasBin: true
    peerDependencies:
      typescript: '>=5.6.0'

  '@glint/template@1.6.1':
    resolution: {integrity: sha512-/VuVbS+p2ON/qYVlTljIBnNMR3eUiu202uXdYJHTQ7bfFWmLija+ZfdgQCjdm83uZUMXQqtWvjOwwFXe5cvPtg==}

  '@handlebars/parser@2.2.1':
    resolution: {integrity: sha512-D76vKOZFEGA9v6g0rZTYTQDUXNopCblW1Zeas3EEVrbdeh8gWrCEO9/goocKmcgtqAwv1Md76p58UQp7HeFTEw==}
    engines: {node: ^18 || ^20 || ^22 || >=24}

  '@simple-dom/interface@1.4.0':
    resolution: {integrity: sha512-l5qumKFWU0S+4ZzMaLXFU8tQZsicHEMEyAxI5kDFGhJsRqDwe0a7/iPA/GdxlGyDKseQQAgIz5kzU7eXTrlSpA==}

  '@volar/kit@2.4.23':
    resolution: {integrity: sha512-YuUIzo9zwC2IkN7FStIcVl1YS9w5vkSFEZfPvnu0IbIMaR9WHhc9ZxvlT+91vrcSoRY469H2jwbrGqpG7m1KaQ==}
    peerDependencies:
      typescript: '*'

  '@volar/language-core@2.4.23':
    resolution: {integrity: sha512-hEEd5ET/oSmBC6pi1j6NaNYRWoAiDhINbT8rmwtINugR39loROSlufGdYMF9TaKGfz+ViGs1Idi3mAhnuPcoGQ==}

  '@volar/language-server@2.4.23':
    resolution: {integrity: sha512-k0iO+tybMGMMyrNdWOxgFkP0XJTdbH0w+WZlM54RzJU3WZSjHEupwL30klpM7ep4FO6qyQa03h+VcGHD4Q8gEg==}

  '@volar/language-service@2.4.23':
    resolution: {integrity: sha512-h5mU9DZ/6u3LCB9xomJtorNG6awBNnk9VuCioGsp6UtFiM8amvS5FcsaC3dabdL9zO0z+Gq9vIEMb/5u9K6jGQ==}

  '@volar/source-map@2.4.23':
    resolution: {integrity: sha512-Z1Uc8IB57Lm6k7q6KIDu/p+JWtf3xsXJqAX/5r18hYOTpJyBn0KXUR8oTJ4WFYOcDzWC9n3IflGgHowx6U6z9Q==}

  '@volar/test-utils@2.4.23':
    resolution: {integrity: sha512-ZF3Ejtv6mfwXHuR6aZGsh1ksvAdSZUfWKGacXa9S+Mnc3MpSPgxzHN3PwdXGt26HfRDWGuykJc8y6lVs20dDKw==}

  '@volar/typescript@2.4.23':
    resolution: {integrity: sha512-lAB5zJghWxVPqfcStmAP1ZqQacMpe90UrP5RJ3arDyrhy4aCUQqmxPPLB2PWDKugvylmO41ljK7vZ+t6INMTag==}

  '@vscode/l10n@0.0.18':
    resolution: {integrity: sha512-KYSIHVmslkaCDyw013pphY+d7x1qV8IZupYfeIfzNA+nsaWHbn5uPuQRvdRFsa9zFzGeudPuoGoZ1Op4jrJXIQ==}

  ansi-regex@5.0.1:
    resolution: {integrity: sha512-quJQXlTSUGL2LH9SUXo8VwsY4soanhgo6LNSm84E1LBcE8s3O0wpdiRzyR9z/ZZJMlMWv37qOOb9pdJlMUEKFQ==}
    engines: {node: '>=8'}

  ansi-styles@4.3.0:
    resolution: {integrity: sha512-zbB9rCJAT1rbjiVDb2hqKFHNYLxgtk8NURxZ3IZwD3F6NtxbXZQCnnSi1Lkx+IDohdPlFp222wVALIheZJQSEg==}
    engines: {node: '>=8'}

  cliui@8.0.1:
    resolution: {integrity: sha512-BSeNnyus75C4//NQ9gQt1/csTXyo/8Sb+afLAkzAptFuMsod9HFokGNudZpi/oQV73hnVK+sR+5PVRMd+Dr7YQ==}
    engines: {node: '>=12'}

  color-convert@2.0.1:
    resolution: {integrity: sha512-RRECPsj7iu/xb5oKYcsFHSppFNnsj/52OVTRKb4zP5onXwVF3zVmmToNcOfGC+CRDpfK/U584fMg38ZHCaElKQ==}
    engines: {node: '>=7.0.0'}

  color-name@1.1.4:
    resolution: {integrity: sha512-dOy+3AuW3a2wNbZHIuMZpTcgjGuLU/uBL/ubcZF9OXbDo8ff4O8yVp5Bf0efS8uEoYo5q4Fx7dY9OgQGXgAsQA==}

  computeds@0.0.1:
    resolution: {integrity: sha512-7CEBgcMjVmitjYo5q8JTJVra6X5mQ20uTThdK+0kR7UEaDrAWEQcRiBtWJzga4eRpP6afNwwLsX2SET2JhVB1Q==}

  content-tag@3.1.3:
    resolution: {integrity: sha512-4Kiv9mEroxuMXfWUNUHcljVJgxThCNk7eEswdHMXdzJnkBBaYDqDwzHkoh3F74JJhfU3taJOsgpR6oEGIDg17g==}

  debug@2.6.9:
    resolution: {integrity: sha512-bC7ElrdJaJnPbAP+1EotYvqZsb3ecl5wi6Bfi6BJTUcNowp6cvspg0jXznRTKDjm/E7AdgFBVeAPVMNcKGsHMA==}
    peerDependencies:
      supports-color: '*'
    peerDependenciesMeta:
      supports-color:
        optional: true

  emoji-regex@8.0.0:
    resolution: {integrity: sha512-MSjYzcWNOA0ewAHpz0MxpYFvwg6yjy1NG3xteoqz644VCo/RPgnr1/GGt+ic3iJTzQ8Eu3TdM14SawnVUmGE6A==}

  escalade@3.2.0:
    resolution: {integrity: sha512-WUj2qlxaQtO4g6Pq5c29GTcWGDyd8itL8zTlipgECz3JesAiiOKotd8JU6otB3PACgG6xkJUyVhboMS+bje/jA==}
    engines: {node: '>=6'}

  escape-string-regexp@4.0.0:
    resolution: {integrity: sha512-TtpcNJ3XAzx3Gq8sWRzJaVajRs0uVxA2YAkdb1jm2YkPz4G6egUFAyA3n5vtEIZefPk5Wa4UXbKuS5fKkJWdgA==}
    engines: {node: '>=10'}

  get-caller-file@2.0.5:
    resolution: {integrity: sha512-DyFP3BM/3YHTQOCUL/w0OZHR0lpKeGrxotcHWcqNEdnltqFwXVfhEBQ94eIo34AfQpo0rGki4cyIiftY06h2Fg==}
    engines: {node: 6.* || 8.* || >= 10.*}

  is-fullwidth-code-point@3.0.0:
    resolution: {integrity: sha512-zymm5+u+sCsSWyD9qNaejV3DFvhCKclKdizYaJUuHA83RLjb7nSuGnddCHGv0hk+KY7BMAlsWeK4Ueg6EV6XQg==}
    engines: {node: '>=8'}

  ms@2.0.0:
    resolution: {integrity: sha512-Tpp60P6IUJDTuOq/5Z8cdskzJujfwqfOTkrwIwj7IRISpnkJnT6SyJ4PCPnGMoFjC9ddhal5KVIYtAt97ix05A==}

  path-browserify@1.0.1:
    resolution: {integrity: sha512-b7uo2UCUOYZcnF/3ID0lulOJi/bafxa1xPe7ZPsammBSpjSWQkjNxlt635YGS2MiR9GjvuXCtz2emr3jbsz98g==}

  request-light@0.7.0:
    resolution: {integrity: sha512-lMbBMrDoxgsyO+yB3sDcrDuX85yYt7sS8BfQd11jtbW/z5ZWgLZRcEGLsLoYw7I0WSUGQBs8CC8ScIxkTX1+6Q==}

  require-directory@2.1.1:
    resolution: {integrity: sha512-fGxEI7+wsG9xrvdjsrlmL22OMTTiHRwAMroiEeMgq8gzoLC/PQr7RsRDSTLUg/bZAZtF+TVIkHc6/4RIKrui+Q==}
    engines: {node: '>=0.10.0'}

  semver@7.7.2:
    resolution: {integrity: sha512-RF0Fw+rO5AMf9MAyaRXI4AV0Ulj5lMHqVxxdSgiVbixSCXoEmmX/jk0CuJw4+3SqroYO9VoUh+HcuJivvtJemA==}
    engines: {node: '>=10'}
    hasBin: true

  silent-error@1.1.1:
    resolution: {integrity: sha512-n4iEKyNcg4v6/jpb3c0/iyH2G1nzUNl7Gpqtn/mHIJK9S/q/7MCfoO4rwVOoO59qPFIc0hVHvMbiOJ0NdtxKKw==}

  simple-html-tokenizer@0.5.11:
    resolution: {integrity: sha512-C2WEK/Z3HoSFbYq8tI7ni3eOo/NneSPRoPpcM7WdLjFOArFuyXEjAoCdOC3DgMfRyziZQ1hCNR4mrNdWEvD0og==}

  string-width@4.2.3:
    resolution: {integrity: sha512-wKyQRQpjJ0sIp62ErSZdGsjMJWsap5oRNihHhu6G7JVO/9jIB6UyevL+tXuOqrng8j/cxKTWyWUwvSTriiZz/g==}
    engines: {node: '>=8'}

  strip-ansi@6.0.1:
    resolution: {integrity: sha512-Y38VPSHcqkFrCpFnQ9vuSXmquuv5oXOKpGeT6aGrr3o3Gc9AlVa6JBfUSOCnbxGGZF+/0ooI7KrPuUSztUdU5A==}
    engines: {node: '>=8'}

  type-fest@4.41.0:
    resolution: {integrity: sha512-TeTSQ6H5YHvpqVwBRcnLDCBnDOHWYu7IvGbHT6N8AOymcr9PJGjc1GTtiWZTYg0NCgYwvnYWEkVChQAr9bjfwA==}
    engines: {node: '>=16'}

  typesafe-path@0.2.2:
    resolution: {integrity: sha512-OJabfkAg1WLZSqJAJ0Z6Sdt3utnbzr/jh+NAHoyWHJe8CMSy79Gm085094M9nvTPy22KzTVn5Zq5mbapCI/hPA==}

  typescript-auto-import-cache@0.3.6:
    resolution: {integrity: sha512-RpuHXrknHdVdK7wv/8ug3Fr0WNsNi5l5aB8MYYuXhq2UH5lnEB1htJ1smhtD5VeCsGr2p8mUDtd83LCQDFVgjQ==}

  typescript@5.9.3:
    resolution: {integrity: sha512-jl1vZzPDinLr9eUt3J/t7V6FgNEw9QjvBPdysz9KfQDD41fQrC2Y4vKQdiaUpFT4bXlb1RHhLpp8wtm6M5TgSw==}
    engines: {node: '>=14.17'}
    hasBin: true

  uuid@8.3.2:
    resolution: {integrity: sha512-+NYs2QeMWy+GWFOEm9xnn6HCDp0l7QBD7ml8zLUmJ+93Q5NF0NocErnwkTkXVFNiX3/fpC6afS8Dhb/gz7R7eg==}
    hasBin: true

  volar-service-html@0.0.64:
    resolution: {integrity: sha512-5xknMYKmZBFzp2399RlsnGce25PfNu9ViXa1s63Q8NP6xeXcF3lInFsV+1o2DWBoXZdnXcuRvWOA+K+JIZLEcA==}
    peerDependencies:
      '@volar/language-service': ~2.4.0
    peerDependenciesMeta:
      '@volar/language-service':
        optional: true

  volar-service-typescript@0.0.65:
    resolution: {integrity: sha512-zPJuLIMs7lkQCvL+Rza8+3/EIoXEIkX8+DL7bNNfPgnbalbvRDhqWLVMJ6Zk3pINjLJafDqyhSbw8srfkUv97w==}
    peerDependencies:
      '@volar/language-service': ~2.4.0
    peerDependenciesMeta:
      '@volar/language-service':
        optional: true

  vscode-html-languageservice@5.5.2:
    resolution: {integrity: sha512-QpaUhCjvb7U/qThOzo4V6grwsRE62Jk/vf8BRJZoABlMw3oplLB5uovrvcrLO9vYhkeMiSjyqLnCxbfHzzZqmw==}

  vscode-jsonrpc@8.2.0:
    resolution: {integrity: sha512-C+r0eKJUIfiDIfwJhria30+TYWPtuHJXHtI7J0YlOmKAo7ogxP20T0zxB7HZQIFhIyvoBPwWskjxrvAtfjyZfA==}
    engines: {node: '>=14.0.0'}

  vscode-languageserver-protocol@3.17.5:
    resolution: {integrity: sha512-mb1bvRJN8SVznADSGWM9u/b07H7Ecg0I3OgXDuLdn307rl/J3A9YD6/eYOssqhecL27hK1IPZAsaqh00i/Jljg==}

  vscode-languageserver-textdocument@1.0.12:
    resolution: {integrity: sha512-cxWNPesCnQCcMPeenjKKsOCKQZ/L6Tv19DTRIGuLWe32lyzWhihGVJ/rcckZXJxfdKCFvRLS3fpBIsV/ZGX4zA==}

  vscode-languageserver-types@3.17.5:
    resolution: {integrity: sha512-Ld1VelNuX9pdF39h2Hgaeb5hEZM2Z3jUrrMgWQAu82jMtZp7p3vJT3BzToKtZI7NgQssZje5o0zryOrhQvzQAg==}

  vscode-languageserver@9.0.1:
    resolution: {integrity: sha512-woByF3PDpkHFUreUa7Hos7+pUWdeWMXRd26+ZX2A8cFx6v/JPTtd4/uN0/jB6XQHYaOlHbio03NTHCqrgG5n7g==}
    hasBin: true

  vscode-nls@5.2.0:
    resolution: {integrity: sha512-RAaHx7B14ZU04EU31pT+rKz2/zSl7xMsfIZuo8pd+KZO6PXtQmpevpq3vxvWNcrGbdmhM/rr5Uw5Mz+NBfhVng==}

  vscode-uri@3.1.0:
    resolution: {integrity: sha512-/BpdSx+yCQGnCvecbyXdxHDkuk55/G3xwnC0GqY4gmQ3j+A+g8kzzgB4Nk/SINjqn6+waqw3EgbVF2QKExkRxQ==}

  wrap-ansi@7.0.0:
    resolution: {integrity: sha512-YVGIj2kamLSTxw6NsZjoBxfSwsn0ycdesmc4p+Q21c5zPuZ1pl+NfxVdxPtdHvmNVOQ6XSYG4AUtyt/Fi7D16Q==}
    engines: {node: '>=10'}

  y18n@5.0.8:
    resolution: {integrity: sha512-0pfFzegeDWJHJIAmTLRP2DwHjdF5s7jo9tuztdQxAhINCdvS+3nGINqPd00AphqJR/0LhANUS6/+7SCb98YOfA==}
    engines: {node: '>=10'}

  yargs-parser@21.1.1:
    resolution: {integrity: sha512-tVpsJW7DdjecAiFpbIB1e3qxIQsE6NoPc5/eTdrbbIC4h0LVsWhnoa3g+m2HclBIujHzsxZ4VJVA+GUuc2/LBw==}
    engines: {node: '>=12'}

  yargs@17.7.2:
    resolution: {integrity: sha512-7dSzzRQ++CKnNI/krKnYRV7JKKPUXMEh61soaHKg9mrWEhzFWhFnxPxGl+69cD1Ou63C13NUPCnmIcrvqCuM6w==}
    engines: {node: '>=12'}

snapshots:

  '@ember/app-tsconfig@1.0.3': {}

  '@ember/library-tsconfig@1.1.3': {}

  '@glimmer/interfaces@0.94.6':
    dependencies:
      '@simple-dom/interface': 1.4.0
      type-fest: 4.41.0

  '@glimmer/syntax@0.95.0':
    dependencies:
      '@glimmer/interfaces': 0.94.6
      '@glimmer/util': 0.94.8
      '@glimmer/wire-format': 0.94.8
      '@handlebars/parser': 2.2.1
      simple-html-tokenizer: 0.5.11

  '@glimmer/util@0.94.8':
    dependencies:
      '@glimmer/interfaces': 0.94.6

  '@glimmer/wire-format@0.94.8':
    dependencies:
      '@glimmer/interfaces': 0.94.6

  '@glint/ember-tsc@1.0.3(typescript@5.9.3)':
    dependencies:
      '@glimmer/syntax': 0.95.0
      '@glint/template': 1.6.1
      '@volar/kit': 2.4.23(typescript@5.9.3)
      '@volar/language-core': 2.4.23
      '@volar/language-server': 2.4.23
      '@volar/language-service': 2.4.23
      '@volar/source-map': 2.4.23
      '@volar/test-utils': 2.4.23
      '@volar/typescript': 2.4.23
      computeds: 0.0.1
      content-tag: 3.1.3
      escape-string-regexp: 4.0.0
      semver: 7.7.2
      silent-error: 1.1.1
      typescript: 5.9.3
      uuid: 8.3.2
      volar-service-html: 0.0.64(@volar/language-service@2.4.23)
      volar-service-typescript: 0.0.65(@volar/language-service@2.4.23)
      vscode-languageserver-protocol: 3.17.5
      vscode-languageserver-textdocument: 1.0.12
      vscode-uri: 3.1.0
      yargs: 17.7.2
    transitivePeerDependencies:
      - supports-color

  '@glint/template@1.6.1': {}

  '@handlebars/parser@2.2.1': {}

  '@simple-dom/interface@1.4.0': {}

  '@volar/kit@2.4.23(typescript@5.9.3)':
    dependencies:
      '@volar/language-service': 2.4.23
      '@volar/typescript': 2.4.23
      typesafe-path: 0.2.2
      typescript: 5.9.3
      vscode-languageserver-textdocument: 1.0.12
      vscode-uri: 3.1.0

  '@volar/language-core@2.4.23':
    dependencies:
      '@volar/source-map': 2.4.23

  '@volar/language-server@2.4.23':
    dependencies:
      '@volar/language-core': 2.4.23
      '@volar/language-service': 2.4.23
      '@volar/typescript': 2.4.23
      path-browserify: 1.0.1
      request-light: 0.7.0
      vscode-languageserver: 9.0.1
      vscode-languageserver-protocol: 3.17.5
      vscode-languageserver-textdocument: 1.0.12
      vscode-uri: 3.1.0

  '@volar/language-service@2.4.23':
    dependencies:
      '@volar/language-core': 2.4.23
      vscode-languageserver-protocol: 3.17.5
      vscode-languageserver-textdocument: 1.0.12
      vscode-uri: 3.1.0

  '@volar/source-map@2.4.23': {}

  '@volar/test-utils@2.4.23':
    dependencies:
      '@volar/language-core': 2.4.23
      '@volar/language-server': 2.4.23
      vscode-languageserver-textdocument: 1.0.12
      vscode-uri: 3.1.0

  '@volar/typescript@2.4.23':
    dependencies:
      '@volar/language-core': 2.4.23
      path-browserify: 1.0.1
      vscode-uri: 3.1.0

  '@vscode/l10n@0.0.18': {}

  ansi-regex@5.0.1: {}

  ansi-styles@4.3.0:
    dependencies:
      color-convert: 2.0.1

  cliui@8.0.1:
    dependencies:
      string-width: 4.2.3
      strip-ansi: 6.0.1
      wrap-ansi: 7.0.0

  color-convert@2.0.1:
    dependencies:
      color-name: 1.1.4

  color-name@1.1.4: {}

  computeds@0.0.1: {}

  content-tag@3.1.3: {}

  debug@2.6.9:
    dependencies:
      ms: 2.0.0

  emoji-regex@8.0.0: {}

  escalade@3.2.0: {}

  escape-string-regexp@4.0.0: {}

  get-caller-file@2.0.5: {}

  is-fullwidth-code-point@3.0.0: {}

  ms@2.0.0: {}

  path-browserify@1.0.1: {}

  request-light@0.7.0: {}

  require-directory@2.1.1: {}

  semver@7.7.2: {}

  silent-error@1.1.1:
    dependencies:
      debug: 2.6.9
    transitivePeerDependencies:
      - supports-color

  simple-html-tokenizer@0.5.11: {}

  string-width@4.2.3:
    dependencies:
      emoji-regex: 8.0.0
      is-fullwidth-code-point: 3.0.0
      strip-ansi: 6.0.1

  strip-ansi@6.0.1:
    dependencies:
      ansi-regex: 5.0.1

  type-fest@4.41.0: {}

  typesafe-path@0.2.2: {}

  typescript-auto-import-cache@0.3.6:
    dependencies:
      semver: 7.7.2

  typescript@5.9.3: {}

  uuid@8.3.2: {}

  volar-service-html@0.0.64(@volar/language-service@2.4.23):
    dependencies:
      vscode-html-languageservice: 5.5.2
      vscode-languageserver-textdocument: 1.0.12
      vscode-uri: 3.1.0
    optionalDependencies:
      '@volar/language-service': 2.4.23

  volar-service-typescript@0.0.65(@volar/language-service@2.4.23):
    dependencies:
      path-browserify: 1.0.1
      semver: 7.7.2
      typescript-auto-import-cache: 0.3.6
      vscode-languageserver-textdocument: 1.0.12
      vscode-nls: 5.2.0
      vscode-uri: 3.1.0
    optionalDependencies:
      '@volar/language-service': 2.4.23

  vscode-html-languageservice@5.5.2:
    dependencies:
      '@vscode/l10n': 0.0.18
      vscode-languageserver-textdocument: 1.0.12
      vscode-languageserver-types: 3.17.5
      vscode-uri: 3.1.0

  vscode-jsonrpc@8.2.0: {}

  vscode-languageserver-protocol@3.17.5:
    dependencies:
      vscode-jsonrpc: 8.2.0
      vscode-languageserver-types: 3.17.5

  vscode-languageserver-textdocument@1.0.12: {}

  vscode-languageserver-types@3.17.5: {}

  vscode-languageserver@9.0.1:
    dependencies:
      vscode-languageserver-protocol: 3.17.5

  vscode-nls@5.2.0: {}

  vscode-uri@3.1.0: {}

  wrap-ansi@7.0.0:
    dependencies:
      ansi-styles: 4.3.0
      string-width: 4.2.3
      strip-ansi: 6.0.1

  y18n@5.0.8: {}

  yargs-parser@21.1.1: {}

  yargs@17.7.2:
    dependencies:
      cliui: 8.0.1
      escalade: 3.2.0
      get-caller-file: 2.0.5
      require-directory: 2.1.1
      string-width: 4.2.3
      y18n: 5.0.8
      yargs-parser: 21.1.1
